// !$*UTF8*$!
{
	archiveVersion = 1;
	classes = {
	};
	objectVersion = 46;
	objects = {

/* Begin PBXBuildFile section */
		9CD731B81D227265003708A0 /* main.m in Sources */ = {isa = PBXBuildFile; fileRef = 9CD731B71D227265003708A0 /* main.m */; };
		9CD731BB1D227265003708A0 /* AppDelegate.m in Sources */ = {isa = PBXBuildFile; fileRef = 9CD731BA1D227265003708A0 /* AppDelegate.m */; };
		9CD731BE1D227265003708A0 /* ViewController.m in Sources */ = {isa = PBXBuildFile; fileRef = 9CD731BD1D227265003708A0 /* ViewController.m */; };
		9CD731C11D227265003708A0 /* Main.storyboard in Resources */ = {isa = PBXBuildFile; fileRef = 9CD731BF1D227265003708A0 /* Main.storyboard */; };
		9CD731C31D227265003708A0 /* Assets.xcassets in Resources */ = {isa = PBXBuildFile; fileRef = 9CD731C21D227265003708A0 /* Assets.xcassets */; };
		9CD731C61D227265003708A0 /* LaunchScreen.storyboard in Resources */ = {isa = PBXBuildFile; fileRef = 9CD731C41D227265003708A0 /* LaunchScreen.storyboard */; };
		9CD731D11D227265003708A0 /* ApolloAppOCTests.m in Sources */ = {isa = PBXBuildFile; fileRef = 9CD731D01D227265003708A0 /* ApolloAppOCTests.m */; };
		9CD731DC1D227265003708A0 /* ApolloAppOCUITests.m in Sources */ = {isa = PBXBuildFile; fileRef = 9CD731DB1D227265003708A0 /* ApolloAppOCUITests.m */; };
/* End PBXBuildFile section */

/* Begin PBXContainerItemProxy section */
		9CD731CD1D227265003708A0 /* PBXContainerItemProxy */ = {
			isa = PBXContainerItemProxy;
			containerPortal = 9CD731AB1D227265003708A0 /* Project object */;
			proxyType = 1;
			remoteGlobalIDString = 9CD731B21D227265003708A0;
			remoteInfo = ApolloAppOC;
		};
		9CD731D81D227265003708A0 /* PBXContainerItemProxy */ = {
			isa = PBXContainerItemProxy;
			containerPortal = 9CD731AB1D227265003708A0 /* Project object */;
			proxyType = 1;
			remoteGlobalIDString = 9CD731B21D227265003708A0;
			remoteInfo = ApolloAppOC;
		};
/* End PBXContainerItemProxy section */

/* Begin PBXFileReference section */
		9CD731B31D227265003708A0 /* ApolloAppOC.app */ = {isa = PBXFileReference; explicitFileType = wrapper.application; includeInIndex = 0; path = ApolloAppOC.app; sourceTree = BUILT_PRODUCTS_DIR; };
		9CD731B71D227265003708A0 /* main.m */ = {isa = PBXFileReference; lastKnownFileType = sourcecode.c.objc; path = main.m; sourceTree = "<group>"; };
		9CD731B91D227265003708A0 /* AppDelegate.h */ = {isa = PBXFileReference; lastKnownFileType = sourcecode.c.h; path = AppDelegate.h; sourceTree = "<group>"; };
		9CD731BA1D227265003708A0 /* AppDelegate.m */ = {isa = PBXFileReference; lastKnownFileType = sourcecode.c.objc; path = AppDelegate.m; sourceTree = "<group>"; };
		9CD731BC1D227265003708A0 /* ViewController.h */ = {isa = PBXFileReference; lastKnownFileType = sourcecode.c.h; path = ViewController.h; sourceTree = "<group>"; };
		9CD731BD1D227265003708A0 /* ViewController.m */ = {isa = PBXFileReference; lastKnownFileType = sourcecode.c.objc; path = ViewController.m; sourceTree = "<group>"; };
		9CD731C01D227265003708A0 /* Base */ = {isa = PBXFileReference; lastKnownFileType = file.storyboard; name = Base; path = Base.lproj/Main.storyboard; sourceTree = "<group>"; };
		9CD731C21D227265003708A0 /* Assets.xcassets */ = {isa = PBXFileReference; lastKnownFileType = folder.assetcatalog; path = Assets.xcassets; sourceTree = "<group>"; };
		9CD731C51D227265003708A0 /* Base */ = {isa = PBXFileReference; lastKnownFileType = file.storyboard; name = Base; path = Base.lproj/LaunchScreen.storyboard; sourceTree = "<group>"; };
		9CD731C71D227265003708A0 /* Info.plist */ = {isa = PBXFileReference; lastKnownFileType = text.plist.xml; path = Info.plist; sourceTree = "<group>"; };
		9CD731CC1D227265003708A0 /* ApolloAppOCTests.xctest */ = {isa = PBXFileReference; explicitFileType = wrapper.cfbundle; includeInIndex = 0; path = ApolloAppOCTests.xctest; sourceTree = BUILT_PRODUCTS_DIR; };
		9CD731D01D227265003708A0 /* ApolloAppOCTests.m */ = {isa = PBXFileReference; lastKnownFileType = sourcecode.c.objc; path = ApolloAppOCTests.m; sourceTree = "<group>"; };
		9CD731D21D227265003708A0 /* Info.plist */ = {isa = PBXFileReference; lastKnownFileType = text.plist.xml; path = Info.plist; sourceTree = "<group>"; };
		9CD731D71D227265003708A0 /* ApolloAppOCUITests.xctest */ = {isa = PBXFileReference; explicitFileType = wrapper.cfbundle; includeInIndex = 0; path = ApolloAppOCUITests.xctest; sourceTree = BUILT_PRODUCTS_DIR; };
		9CD731DB1D227265003708A0 /* ApolloAppOCUITests.m */ = {isa = PBXFileReference; lastKnownFileType = sourcecode.c.objc; path = ApolloAppOCUITests.m; sourceTree = "<group>"; };
		9CD731DD1D227265003708A0 /* Info.plist */ = {isa = PBXFileReference; lastKnownFileType = text.plist.xml; path = Info.plist; sourceTree = "<group>"; };
/* End PBXFileReference section */

/* Begin PBXFrameworksBuildPhase section */
		9CD731B01D227265003708A0 /* Frameworks */ = {
			isa = PBXFrameworksBuildPhase;
			buildActionMask = 2147483647;
			files = (
			);
			runOnlyForDeploymentPostprocessing = 0;
		};
		9CD731C91D227265003708A0 /* Frameworks */ = {
			isa = PBXFrameworksBuildPhase;
			buildActionMask = 2147483647;
			files = (
			);
			runOnlyForDeploymentPostprocessing = 0;
		};
		9CD731D41D227265003708A0 /* Frameworks */ = {
			isa = PBXFrameworksBuildPhase;
			buildActionMask = 2147483647;
			files = (
			);
			runOnlyForDeploymentPostprocessing = 0;
		};
/* End PBXFrameworksBuildPhase section */

/* Begin PBXGroup section */
		9CD731AA1D227265003708A0 = {
			isa = PBXGroup;
			children = (
				9CD731B51D227265003708A0 /* ApolloAppOC */,
				9CD731CF1D227265003708A0 /* ApolloAppOCTests */,
				9CD731DA1D227265003708A0 /* ApolloAppOCUITests */,
				9CD731B41D227265003708A0 /* Products */,
			);
			sourceTree = "<group>";
		};
		9CD731B41D227265003708A0 /* Products */ = {
			isa = PBXGroup;
			children = (
				9CD731B31D227265003708A0 /* ApolloAppOC.app */,
				9CD731CC1D227265003708A0 /* ApolloAppOCTests.xctest */,
				9CD731D71D227265003708A0 /* ApolloAppOCUITests.xctest */,
			);
			name = Products;
			sourceTree = "<group>";
		};
		9CD731B51D227265003708A0 /* ApolloAppOC */ = {
			isa = PBXGroup;
			children = (
				9CD731EB1D22824A003708A0 /* Controller */,
				9CD731EA1D228240003708A0 /* View */,
				9CD731E91D228229003708A0 /* Model */,
				9CD731B61D227265003708A0 /* Supporting Files */,
			);
			path = ApolloAppOC;
			sourceTree = "<group>";
		};
		9CD731B61D227265003708A0 /* Supporting Files */ = {
			isa = PBXGroup;
			children = (
				9CD731C71D227265003708A0 /* Info.plist */,
				9CD731B71D227265003708A0 /* main.m */,
				9CD731C21D227265003708A0 /* Assets.xcassets */,
				9CD731B91D227265003708A0 /* AppDelegate.h */,
				9CD731BA1D227265003708A0 /* AppDelegate.m */,
			);
			name = "Supporting Files";
			sourceTree = "<group>";
		};
		9CD731CF1D227265003708A0 /* ApolloAppOCTests */ = {
			isa = PBXGroup;
			children = (
				9CD731D01D227265003708A0 /* ApolloAppOCTests.m */,
				9CD731D21D227265003708A0 /* Info.plist */,
			);
			path = ApolloAppOCTests;
			sourceTree = "<group>";
		};
		9CD731DA1D227265003708A0 /* ApolloAppOCUITests */ = {
			isa = PBXGroup;
			children = (
				9CD731DB1D227265003708A0 /* ApolloAppOCUITests.m */,
				9CD731DD1D227265003708A0 /* Info.plist */,
			);
			path = ApolloAppOCUITests;
			sourceTree = "<group>";
		};
		9CD731E91D228229003708A0 /* Model */ = {
			isa = PBXGroup;
			children = (
			);
			name = Model;
			sourceTree = "<group>";
		};
		9CD731EA1D228240003708A0 /* View */ = {
			isa = PBXGroup;
			children = (
				9CD731BF1D227265003708A0 /* Main.storyboard */,
				9CD731C41D227265003708A0 /* LaunchScreen.storyboard */,
			);
			name = View;
			sourceTree = "<group>";
		};
		9CD731EB1D22824A003708A0 /* Controller */ = {
			isa = PBXGroup;
			children = (
				9CD731BC1D227265003708A0 /* ViewController.h */,
				9CD731BD1D227265003708A0 /* ViewController.m */,
			);
			name = Controller;
			sourceTree = "<group>";
		};
/* End PBXGroup section */

/* Begin PBXNativeTarget section */
		9CD731B21D227265003708A0 /* ApolloAppOC */ = {
			isa = PBXNativeTarget;
			buildConfigurationList = 9CD731E01D227265003708A0 /* Build configuration list for PBXNativeTarget "ApolloAppOC" */;
			buildPhases = (
				9CD731AF1D227265003708A0 /* Sources */,
				9CD731B01D227265003708A0 /* Frameworks */,
				9CD731B11D227265003708A0 /* Resources */,
			);
			buildRules = (
			);
			dependencies = (
			);
			name = ApolloAppOC;
			productName = ApolloAppOC;
			productReference = 9CD731B31D227265003708A0 /* ApolloAppOC.app */;
			productType = "com.apple.product-type.application";
		};
		9CD731CB1D227265003708A0 /* ApolloAppOCTests */ = {
			isa = PBXNativeTarget;
			buildConfigurationList = 9CD731E31D227265003708A0 /* Build configuration list for PBXNativeTarget "ApolloAppOCTests" */;
			buildPhases = (
				9CD731C81D227265003708A0 /* Sources */,
				9CD731C91D227265003708A0 /* Frameworks */,
				9CD731CA1D227265003708A0 /* Resources */,
			);
			buildRules = (
			);
			dependencies = (
				9CD731CE1D227265003708A0 /* PBXTargetDependency */,
			);
			name = ApolloAppOCTests;
			productName = ApolloAppOCTests;
			productReference = 9CD731CC1D227265003708A0 /* ApolloAppOCTests.xctest */;
			productType = "com.apple.product-type.bundle.unit-test";
		};
		9CD731D61D227265003708A0 /* ApolloAppOCUITests */ = {
			isa = PBXNativeTarget;
			buildConfigurationList = 9CD731E61D227265003708A0 /* Build configuration list for PBXNativeTarget "ApolloAppOCUITests" */;
			buildPhases = (
				9CD731D31D227265003708A0 /* Sources */,
				9CD731D41D227265003708A0 /* Frameworks */,
				9CD731D51D227265003708A0 /* Resources */,
			);
			buildRules = (
			);
			dependencies = (
				9CD731D91D227265003708A0 /* PBXTargetDependency */,
			);
			name = ApolloAppOCUITests;
			productName = ApolloAppOCUITests;
			productReference = 9CD731D71D227265003708A0 /* ApolloAppOCUITests.xctest */;
			productType = "com.apple.product-type.bundle.ui-testing";
		};
/* End PBXNativeTarget section */

/* Begin PBXProject section */
		9CD731AB1D227265003708A0 /* Project object */ = {
			isa = PBXProject;
			attributes = {
				LastUpgradeCheck = 0730;
				ORGANIZATIONNAME = Bilal;
				TargetAttributes = {
					9CD731B21D227265003708A0 = {
						CreatedOnToolsVersion = 7.3.1;
						DevelopmentTeam = B32N9W259W;
					};
					9CD731CB1D227265003708A0 = {
						CreatedOnToolsVersion = 7.3.1;
						TestTargetID = 9CD731B21D227265003708A0;
					};
					9CD731D61D227265003708A0 = {
						CreatedOnToolsVersion = 7.3.1;
						TestTargetID = 9CD731B21D227265003708A0;
					};
				};
			};
			buildConfigurationList = 9CD731AE1D227265003708A0 /* Build configuration list for PBXProject "ApolloAppOC" */;
			compatibilityVersion = "Xcode 3.2";
			developmentRegion = English;
			hasScannedForEncodings = 0;
			knownRegions = (
				en,
				Base,
			);
			mainGroup = 9CD731AA1D227265003708A0;
			productRefGroup = 9CD731B41D227265003708A0 /* Products */;
			projectDirPath = "";
			projectRoot = "";
			targets = (
				9CD731B21D227265003708A0 /* ApolloAppOC */,
				9CD731CB1D227265003708A0 /* ApolloAppOCTests */,
				9CD731D61D227265003708A0 /* ApolloAppOCUITests */,
			);
		};
/* End PBXProject section */

/* Begin PBXResourcesBuildPhase section */
		9CD731B11D227265003708A0 /* Resources */ = {
			isa = PBXResourcesBuildPhase;
			buildActionMask = 2147483647;
			files = (
				9CD731C61D227265003708A0 /* LaunchScreen.storyboard in Resources */,
				9CD731C31D227265003708A0 /* Assets.xcassets in Resources */,
				9CD731C11D227265003708A0 /* Main.storyboard in Resources */,
			);
			runOnlyForDeploymentPostprocessing = 0;
		};
		9CD731CA1D227265003708A0 /* Resources */ = {
			isa = PBXResourcesBuildPhase;
			buildActionMask = 2147483647;
			files = (
			);
			runOnlyForDeploymentPostprocessing = 0;
		};
		9CD731D51D227265003708A0 /* Resources */ = {
			isa = PBXResourcesBuildPhase;
			buildActionMask = 2147483647;
			files = (
			);
			runOnlyForDeploymentPostprocessing = 0;
		};
/* End PBXResourcesBuildPhase section */

/* Begin PBXSourcesBuildPhase section */
		9CD731AF1D227265003708A0 /* Sources */ = {
			isa = PBXSourcesBuildPhase;
			buildActionMask = 2147483647;
			files = (
				9CD731BE1D227265003708A0 /* ViewController.m in Sources */,
				9CD731BB1D227265003708A0 /* AppDelegate.m in Sources */,
				9CD731B81D227265003708A0 /* main.m in Sources */,
			);
			runOnlyForDeploymentPostprocessing = 0;
		};
		9CD731C81D227265003708A0 /* Sources */ = {
			isa = PBXSourcesBuildPhase;
			buildActionMask = 2147483647;
			files = (
				9CD731D11D227265003708A0 /* ApolloAppOCTests.m in Sources */,
			);
			runOnlyForDeploymentPostprocessing = 0;
		};
		9CD731D31D227265003708A0 /* Sources */ = {
			isa = PBXSourcesBuildPhase;
			buildActionMask = 2147483647;
			files = (
				9CD731DC1D227265003708A0 /* ApolloAppOCUITests.m in Sources */,
			);
			runOnlyForDeploymentPostprocessing = 0;
		};
/* End PBXSourcesBuildPhase section */

/* Begin PBXTargetDependency section */
		9CD731CE1D227265003708A0 /* PBXTargetDependency */ = {
			isa = PBXTargetDependency;
			target = 9CD731B21D227265003708A0 /* ApolloAppOC */;
			targetProxy = 9CD731CD1D227265003708A0 /* PBXContainerItemProxy */;
		};
		9CD731D91D227265003708A0 /* PBXTargetDependency */ = {
			isa = PBXTargetDependency;
			target = 9CD731B21D227265003708A0 /* ApolloAppOC */;
			targetProxy = 9CD731D81D227265003708A0 /* PBXContainerItemProxy */;
		};
/* End PBXTargetDependency section */

/* Begin PBXVariantGroup section */
		9CD731BF1D227265003708A0 /* Main.storyboard */ = {
			isa = PBXVariantGroup;
			children = (
				9CD731C01D227265003708A0 /* Base */,
			);
			name = Main.storyboard;
			sourceTree = "<group>";
		};
		9CD731C41D227265003708A0 /* LaunchScreen.storyboard */ = {
			isa = PBXVariantGroup;
			children = (
				9CD731C51D227265003708A0 /* Base */,
			);
			name = LaunchScreen.storyboard;
			sourceTree = "<group>";
		};
/* End PBXVariantGroup section */

/* Begin XCBuildConfiguration section */
		9CD731DE1D227265003708A0 /* Debug */ = {
			isa = XCBuildConfiguration;
			buildSettings = {
				ALWAYS_SEARCH_USER_PATHS = NO;
				CLANG_ANALYZER_NONNULL = YES;
				CLANG_CXX_LANGUAGE_STANDARD = "gnu++0x";
				CLANG_CXX_LIBRARY = "libc++";
				CLANG_ENABLE_MODULES = YES;
				CLANG_ENABLE_OBJC_ARC = YES;
				CLANG_WARN_BOOL_CONVERSION = YES;
				CLANG_WARN_CONSTANT_CONVERSION = YES;
				CLANG_WARN_DIRECT_OBJC_ISA_USAGE = YES_ERROR;
				CLANG_WARN_EMPTY_BODY = YES;
				CLANG_WARN_ENUM_CONVERSION = YES;
				CLANG_WARN_INT_CONVERSION = YES;
				CLANG_WARN_OBJC_ROOT_CLASS = YES_ERROR;
				CLANG_WARN_UNREACHABLE_CODE = YES;
				CLANG_WARN__DUPLICATE_METHOD_MATCH = YES;
				"CODE_SIGN_IDENTITY[sdk=iphoneos*]" = "iPhone Developer";
				COPY_PHASE_STRIP = NO;
				DEBUG_INFORMATION_FORMAT = dwarf;
				ENABLE_STRICT_OBJC_MSGSEND = YES;
				ENABLE_TESTABILITY = YES;
				GCC_C_LANGUAGE_STANDARD = gnu99;
				GCC_DYNAMIC_NO_PIC = NO;
				GCC_NO_COMMON_BLOCKS = YES;
				GCC_OPTIMIZATION_LEVEL = 0;
				GCC_PREPROCESSOR_DEFINITIONS = (
					"DEBUG=1",
					"$(inherited)",
				);
				GCC_WARN_64_TO_32_BIT_CONVERSION = YES;
				GCC_WARN_ABOUT_RETURN_TYPE = YES_ERROR;
				GCC_WARN_UNDECLARED_SELECTOR = YES;
				GCC_WARN_UNINITIALIZED_AUTOS = YES_AGGRESSIVE;
				GCC_WARN_UNUSED_FUNCTION = YES;
				GCC_WARN_UNUSED_VARIABLE = YES;
				IPHONEOS_DEPLOYMENT_TARGET = 9.3;
				MTL_ENABLE_DEBUG_INFO = YES;
				ONLY_ACTIVE_ARCH = YES;
				SDKROOT = iphoneos;
				TARGETED_DEVICE_FAMILY = "1,2";
			};
			name = Debug;
		};
		9CD731DF1D227265003708A0 /* Release */ = {
			isa = XCBuildConfiguration;
			buildSettings = {
				ALWAYS_SEARCH_USER_PATHS = NO;
				CLANG_ANALYZER_NONNULL = YES;
				CLANG_CXX_LANGUAGE_STANDARD = "gnu++0x";
				CLANG_CXX_LIBRARY = "libc++";
				CLANG_ENABLE_MODULES = YES;
				CLANG_ENABLE_OBJC_ARC = YES;
				CLANG_WARN_BOOL_CONVERSION = YES;
				CLANG_WARN_CONSTANT_CONVERSION = YES;
				CLANG_WARN_DIRECT_OBJC_ISA_USAGE = YES_ERROR;
				CLANG_WARN_EMPTY_BODY = YES;
				CLANG_WARN_ENUM_CONVERSION = YES;
				CLANG_WARN_INT_CONVERSION = YES;
				CLANG_WARN_OBJC_ROOT_CLASS = YES_ERROR;
				CLANG_WARN_UNREACHABLE_CODE = YES;
				CLANG_WARN__DUPLICATE_METHOD_MATCH = YES;
				"CODE_SIGN_IDENTITY[sdk=iphoneos*]" = "iPhone Developer";
				COPY_PHASE_STRIP = NO;
				DEBUG_INFORMATION_FORMAT = "dwarf-with-dsym";
				ENABLE_NS_ASSERTIONS = NO;
				ENABLE_STRICT_OBJC_MSGSEND = YES;
				GCC_C_LANGUAGE_STANDARD = gnu99;
				GCC_NO_COMMON_BLOCKS = YES;
				GCC_WARN_64_TO_32_BIT_CONVERSION = YES;
				GCC_WARN_ABOUT_RETURN_TYPE = YES_ERROR;
				GCC_WARN_UNDECLARED_SELECTOR = YES;
				GCC_WARN_UNINITIALIZED_AUTOS = YES_AGGRESSIVE;
				GCC_WARN_UNUSED_FUNCTION = YES;
				GCC_WARN_UNUSED_VARIABLE = YES;
				IPHONEOS_DEPLOYMENT_TARGET = 9.3;
				MTL_ENABLE_DEBUG_INFO = NO;
				SDKROOT = iphoneos;
				TARGETED_DEVICE_FAMILY = "1,2";
				VALIDATE_PRODUCT = YES;
			};
			name = Release;
		};
		9CD731E11D227265003708A0 /* Debug */ = {
			isa = XCBuildConfiguration;
			buildSettings = {
				ASSETCATALOG_COMPILER_APPICON_NAME = AppIcon;
				CODE_SIGN_IDENTITY = "iPhone Developer";
				"CODE_SIGN_IDENTITY[sdk=iphoneos*]" = "iPhone Developer";
				INFOPLIST_FILE = ApolloAppOC/Info.plist;
				LD_RUNPATH_SEARCH_PATHS = "$(inherited) @executable_path/Frameworks";
				PRODUCT_BUNDLE_IDENTIFIER = com.logicnetworks.ApolloAppOC;
				PRODUCT_NAME = "$(TARGET_NAME)";
				PROVISIONING_PROFILE = "";
			};
			name = Debug;
		};
		9CD731E21D227265003708A0 /* Release */ = {
			isa = XCBuildConfiguration;
			buildSettings = {
				ASSETCATALOG_COMPILER_APPICON_NAME = AppIcon;
				CODE_SIGN_IDENTITY = "iPhone Developer";
				"CODE_SIGN_IDENTITY[sdk=iphoneos*]" = "iPhone Developer";
				INFOPLIST_FILE = ApolloAppOC/Info.plist;
				LD_RUNPATH_SEARCH_PATHS = "$(inherited) @executable_path/Frameworks";
				PRODUCT_BUNDLE_IDENTIFIER = com.logicnetworks.ApolloAppOC;
				PRODUCT_NAME = "$(TARGET_NAME)";
				PROVISIONING_PROFILE = "";
			};
			name = Release;
		};
		9CD731E41D227265003708A0 /* Debug */ = {
			isa = XCBuildConfiguration;
			buildSettings = {
				BUNDLE_LOADER = "$(TEST_HOST)";
				INFOPLIST_FILE = ApolloAppOCTests/Info.plist;
				LD_RUNPATH_SEARCH_PATHS = "$(inherited) @executable_path/Frameworks @loader_path/Frameworks";
				PRODUCT_BUNDLE_IDENTIFIER = com.logicnetworks.ApolloAppOCTests;
				PRODUCT_NAME = "$(TARGET_NAME)";
				TEST_HOST = "$(BUILT_PRODUCTS_DIR)/ApolloAppOC.app/ApolloAppOC";
			};
			name = Debug;
		};
		9CD731E51D227265003708A0 /* Release */ = {
			isa = XCBuildConfiguration;
			buildSettings = {
				BUNDLE_LOADER = "$(TEST_HOST)";
				INFOPLIST_FILE = ApolloAppOCTests/Info.plist;
				LD_RUNPATH_SEARCH_PATHS = "$(inherited) @executable_path/Frameworks @loader_path/Frameworks";
				PRODUCT_BUNDLE_IDENTIFIER = com.logicnetworks.ApolloAppOCTests;
				PRODUCT_NAME = "$(TARGET_NAME)";
				TEST_HOST = "$(BUILT_PRODUCTS_DIR)/ApolloAppOC.app/ApolloAppOC";
			};
			name = Release;
		};
		9CD731E71D227265003708A0 /* Debug */ = {
			isa = XCBuildConfiguration;
			buildSettings = {
				INFOPLIST_FILE = ApolloAppOCUITests/Info.plist;
				LD_RUNPATH_SEARCH_PATHS = "$(inherited) @executable_path/Frameworks @loader_path/Frameworks";
				PRODUCT_BUNDLE_IDENTIFIER = com.logicnetworks.ApolloAppOCUITests;
				PRODUCT_NAME = "$(TARGET_NAME)";
				TEST_TARGET_NAME = ApolloAppOC;
			};
			name = Debug;
		};
		9CD731E81D227265003708A0 /* Release */ = {
			isa = XCBuildConfiguration;
			buildSettings = {
				INFOPLIST_FILE = ApolloAppOCUITests/Info.plist;
				LD_RUNPATH_SEARCH_PATHS = "$(inherited) @executable_path/Frameworks @loader_path/Frameworks";
				PRODUCT_BUNDLE_IDENTIFIER = com.logicnetworks.ApolloAppOCUITests;
				PRODUCT_NAME = "$(TARGET_NAME)";
				TEST_TARGET_NAME = ApolloAppOC;
			};
			name = Release;
		};
/* End XCBuildConfiguration section */

/* Begin XCConfigurationList section */
		9CD731AE1D227265003708A0 /* Build configuration list for PBXProject "ApolloAppOC" */ = {
			isa = XCConfigurationList;
			buildConfigurations = (
				9CD731DE1D227265003708A0 /* Debug */,
				9CD731DF1D227265003708A0 /* Release */,
			);
			defaultConfigurationIsVisible = 0;
			defaultConfigurationName = Release;
		};
		9CD731E01D227265003708A0 /* Build configuration list for PBXNativeTarget "ApolloAppOC" */ = {
			isa = XCConfigurationList;
			buildConfigurations = (
				9CD731E11D227265003708A0 /* Debug */,
				9CD731E21D227265003708A0 /* Release */,
			);
			defaultConfigurationIsVisible = 0;
		};
		9CD731E31D227265003708A0 /* Build configuration list for PBXNativeTarget "ApolloAppOCTests" */ = {
			isa = XCConfigurationList;
			buildConfigurations = (
				9CD731E41D227265003708A0 /* Debug */,
				9CD731E51D227265003708A0 /* Release */,
			);
			defaultConfigurationIsVisible = 0;
		};
		9CD731E61D227265003708A0 /* Build configuration list for PBXNativeTarget "ApolloAppOCUITests" */ = {
			isa = XCConfigurationList;
			buildConfigurations = (
				9CD731E71D227265003708A0 /* Debug */,
				9CD731E81D227265003708A0 /* Release */,
			);
			defaultConfigurationIsVisible = 0;
		};
/* End XCConfigurationList section */
	};
	rootObject = 9CD731AB1D227265003708A0 /* Project object */;
}
